
Microsoft Visual Studio Solution File, Format Version 12.00
# Visual Studio Version 17
VisualStudioVersion = 17.1.32210.238
MinimumVisualStudioVersion = 10.0.40219.1
Project("{FAE04EC0-301F-11D3-BF4B-00C04F79EFBC}") = "MethodOverloading", "MethodOverloading\MethodOverloading.csproj", "{5C35EE2A-E8C7-44C4-95D6-9F1FCC49E652}"
EndProject
Global
	GlobalSection(SolutionConfigurationPlatforms) = preSolution
		Debug|Any CPU = Debug|Any CPU
		Release|Any CPU = Release|Any CPU
	EndGlobalSection
	GlobalSection(ProjectConfigurationPlatforms) = postSolution
		{5C35EE2A-E8C7-44C4-95D6-9F1FCC49E652}.Debug|Any CPU.ActiveCfg = Debug|Any CPU
		{5C35EE2A-E8C7-44C4-95D6-9F1FCC49E652}.Debug|Any CPU.Build.0 = Debug|Any CPU
		{5C35EE2A-E8C7-44C4-95D6-9F1FCC49E652}.Release|Any CPU.ActiveCfg = Release|Any CPU
		{5C35EE2A-E8C7-44C4-95D6-9F1FCC49E652}.Release|Any CPU.Build.0 = Release|Any CPU
	EndGlobalSection
	GlobalSection(SolutionProperties) = preSolution
		HideSolutionNode = FALSE
	EndGlobalSection
	GlobalSection(ExtensibilityGlobals) = postSolution
		SolutionGuid = {692890F6-0818-4F66-9038-A79C074C6C4D}
	EndGlobalSection
EndGlobal
